version: 6
environments:
  default:
    channels:
    - url: https://conda.anaconda.org/conda-forge/
    packages:
      linux-64:
      - conda: https://conda.anaconda.org/conda-forge/linux-64/_libgcc_mutex-0.1-conda_forge.tar.bz2
      - conda: https://conda.anaconda.org/conda-forge/linux-64/_openmp_mutex-4.5-2_gnu.tar.bz2
      - conda: https://conda.anaconda.org/conda-forge/noarch/ca-certificates-2025.4.26-hbd8a1cb_0.conda
      - conda: https://conda.anaconda.org/conda-forge/linux-64/icu-75.1-he02047a_0.conda
      - conda: https://conda.anaconda.org/conda-forge/linux-64/libgcc-15.1.0-h767d61c_2.conda
      - conda: https://conda.anaconda.org/conda-forge/linux-64/libgcc-ng-15.1.0-h69a702a_2.conda
      - conda: https://conda.anaconda.org/conda-forge/linux-64/libgomp-15.1.0-h767d61c_2.conda
      - conda: https://conda.anaconda.org/conda-forge/linux-64/libstdcxx-15.1.0-h8f9b012_2.conda
      - conda: https://conda.anaconda.org/conda-forge/linux-64/libstdcxx-ng-15.1.0-h4852527_2.conda
      - conda: https://conda.anaconda.org/conda-forge/linux-64/libuv-1.51.0-hb9d3cd8_0.conda
      - conda: https://conda.anaconda.org/conda-forge/linux-64/libzlib-1.3.1-hb9d3cd8_2.conda
      - conda: https://conda.anaconda.org/conda-forge/linux-64/nodejs-22.13.0-hf235a45_0.conda
      - conda: https://conda.anaconda.org/conda-forge/linux-64/openssl-3.5.0-h7b32b05_1.conda
      - conda: https://conda.anaconda.org/conda-forge/linux-64/pnpm-10.11.0-h6417eb3_0.conda
      - conda: https://conda.anaconda.org/conda-forge/linux-64/zlib-1.3.1-hb9d3cd8_2.conda
      linux-aarch64:
      - conda: https://conda.anaconda.org/conda-forge/linux-aarch64/_openmp_mutex-4.5-2_gnu.tar.bz2
      - conda: https://conda.anaconda.org/conda-forge/noarch/ca-certificates-2025.4.26-hbd8a1cb_0.conda
      - conda: https://conda.anaconda.org/conda-forge/linux-aarch64/icu-75.1-hf9b3779_0.conda
      - conda: https://conda.anaconda.org/conda-forge/linux-aarch64/libgcc-15.1.0-he277a41_2.conda
      - conda: https://conda.anaconda.org/conda-forge/linux-aarch64/libgcc-ng-15.1.0-he9431aa_2.conda
      - conda: https://conda.anaconda.org/conda-forge/linux-aarch64/libgomp-15.1.0-he277a41_2.conda
      - conda: https://conda.anaconda.org/conda-forge/linux-aarch64/libstdcxx-15.1.0-h3f4de04_2.conda
      - conda: https://conda.anaconda.org/conda-forge/linux-aarch64/libstdcxx-ng-15.1.0-hf1166c9_2.conda
      - conda: https://conda.anaconda.org/conda-forge/linux-aarch64/libuv-1.51.0-h86ecc28_0.conda
      - conda: https://conda.anaconda.org/conda-forge/linux-aarch64/libzlib-1.3.1-h86ecc28_2.conda
      - conda: https://conda.anaconda.org/conda-forge/linux-aarch64/nodejs-22.13.0-h8374285_0.conda
      - conda: https://conda.anaconda.org/conda-forge/linux-aarch64/openssl-3.5.0-hd08dc88_1.conda
      - conda: https://conda.anaconda.org/conda-forge/linux-aarch64/pnpm-10.11.0-hbf5023e_0.conda
      - conda: https://conda.anaconda.org/conda-forge/linux-aarch64/zlib-1.3.1-h86ecc28_2.conda
      osx-arm64:
      - conda: https://conda.anaconda.org/conda-forge/noarch/ca-certificates-2025.4.26-hbd8a1cb_0.conda
      - conda: https://conda.anaconda.org/conda-forge/osx-arm64/icu-75.1-hfee45f7_0.conda
      - conda: https://conda.anaconda.org/conda-forge/osx-arm64/libcxx-20.1.5-ha82da77_0.conda
      - conda: https://conda.anaconda.org/conda-forge/osx-arm64/libuv-1.51.0-h5505292_0.conda
      - conda: https://conda.anaconda.org/conda-forge/osx-arm64/libzlib-1.3.1-h8359307_2.conda
      - conda: https://conda.anaconda.org/conda-forge/osx-arm64/nodejs-22.13.0-h02a13b7_0.conda
      - conda: https://conda.anaconda.org/conda-forge/osx-arm64/openssl-3.5.0-h81ee809_1.conda
      - conda: https://conda.anaconda.org/conda-forge/osx-arm64/pnpm-10.11.0-h7c8fa8f_0.conda
      - conda: https://conda.anaconda.org/conda-forge/osx-arm64/zlib-1.3.1-h8359307_2.conda
packages:
- conda: https://conda.anaconda.org/conda-forge/linux-64/_libgcc_mutex-0.1-conda_forge.tar.bz2
  sha256: fe51de6107f9edc7aa4f786a70f4a883943bc9d39b3bb7307c04c41410990726
  md5: d7c89558ba9fa0495403155b64376d81
  license: None
  size: 2562
  timestamp: 1578324546067
- conda: https://conda.anaconda.org/conda-forge/linux-64/_openmp_mutex-4.5-2_gnu.tar.bz2
  build_number: 16
  sha256: fbe2c5e56a653bebb982eda4876a9178aedfc2b545f25d0ce9c4c0b508253d22
  md5: 73aaf86a425cc6e73fcf236a5a46396d
  depends:
  - _libgcc_mutex 0.1 conda_forge
  - libgomp >=7.5.0
  constrains:
  - openmp_impl 9999
  license: BSD-3-Clause
  license_family: BSD
  size: 23621
  timestamp: 1650670423406
- conda: https://conda.anaconda.org/conda-forge/linux-aarch64/_openmp_mutex-4.5-2_gnu.tar.bz2
  build_number: 16
  sha256: 3702bef2f0a4d38bd8288bbe54aace623602a1343c2cfbefd3fa188e015bebf0
  md5: 6168d71addc746e8f2b8d57dfd2edcea
  depends:
  - libgomp >=7.5.0
  constrains:
  - openmp_impl 9999
  license: BSD-3-Clause
  license_family: BSD
  size: 23712
  timestamp: 1650670790230
- conda: https://conda.anaconda.org/conda-forge/noarch/ca-certificates-2025.4.26-hbd8a1cb_0.conda
  sha256: 2a70ed95ace8a3f8a29e6cd1476a943df294a7111dfb3e152e3478c4c889b7ac
  md5: 95db94f75ba080a22eb623590993167b
  depends:
  - __unix
  license: ISC
  size: 152283
  timestamp: 1745653616541
- conda: https://conda.anaconda.org/conda-forge/linux-64/icu-75.1-he02047a_0.conda
  sha256: 71e750d509f5fa3421087ba88ef9a7b9be11c53174af3aa4d06aff4c18b38e8e
  md5: 8b189310083baabfb622af68fd9d3ae3
  depends:
  - __glibc >=2.17,<3.0.a0
  - libgcc-ng >=12
  - libstdcxx-ng >=12
  license: MIT
  license_family: MIT
  size: 12129203
  timestamp: 1720853576813
- conda: https://conda.anaconda.org/conda-forge/linux-aarch64/icu-75.1-hf9b3779_0.conda
  sha256: 813298f2e54ef087dbfc9cc2e56e08ded41de65cff34c639cc8ba4e27e4540c9
  md5: 268203e8b983fddb6412b36f2024e75c
  depends:
  - libgcc-ng >=12
  - libstdcxx-ng >=12
  license: MIT
  license_family: MIT
  size: 12282786
  timestamp: 1720853454991
- conda: https://conda.anaconda.org/conda-forge/osx-arm64/icu-75.1-hfee45f7_0.conda
  sha256: 9ba12c93406f3df5ab0a43db8a4b4ef67a5871dfd401010fbe29b218b2cbe620
  md5: 5eb22c1d7b3fc4abb50d92d621583137
  depends:
  - __osx >=11.0
  license: MIT
  license_family: MIT
  size: 11857802
  timestamp: 1720853997952
- conda: https://conda.anaconda.org/conda-forge/osx-arm64/libcxx-20.1.5-ha82da77_0.conda
  sha256: 2765b6e23da91807ce2ed44587fbaadd5ba933b0269810b3c22462f9582aedd3
  md5: 4ef1bdb94d42055f511bb358f2048c58
  depends:
  - __osx >=11.0
  license: Apache-2.0 WITH LLVM-exception
  license_family: Apache
  size: 568010
  timestamp: 1747262879889
- conda: https://conda.anaconda.org/conda-forge/linux-64/libgcc-15.1.0-h767d61c_2.conda
  sha256: 0024f9ab34c09629621aefd8603ef77bf9d708129b0dd79029e502c39ffc2195
  md5: ea8ac52380885ed41c1baa8f1d6d2b93
  depends:
  - __glibc >=2.17,<3.0.a0
  - _openmp_mutex >=4.5
  constrains:
  - libgcc-ng ==15.1.0=*_2
  - libgomp 15.1.0 h767d61c_2
  license: GPL-3.0-only WITH GCC-exception-3.1
  license_family: GPL
  size: 829108
  timestamp: 1746642191935
- conda: https://conda.anaconda.org/conda-forge/linux-aarch64/libgcc-15.1.0-he277a41_2.conda
  sha256: e5977d63d48507bfa4e86b3052b3d14bae7ea80c3f8b4018868995275b6cc0d8
  md5: 224e999bbcad260d7bd4c0c27fdb99a4
  depends:
  - _openmp_mutex >=4.5
  constrains:
  - libgcc-ng ==15.1.0=*_2
  - libgomp 15.1.0 he277a41_2
  license: GPL-3.0-only WITH GCC-exception-3.1
  license_family: GPL
  size: 516718
  timestamp: 1746656727616
- conda: https://conda.anaconda.org/conda-forge/linux-64/libgcc-ng-15.1.0-h69a702a_2.conda
  sha256: 0ab5421a89f090f3aa33841036bb3af4ed85e1f91315b528a9d75fab9aad51ae
  md5: ddca86c7040dd0e73b2b69bd7833d225
  depends:
  - libgcc 15.1.0 h767d61c_2
  license: GPL-3.0-only WITH GCC-exception-3.1
  license_family: GPL
  size: 34586
  timestamp: 1746642200749
- conda: https://conda.anaconda.org/conda-forge/linux-aarch64/libgcc-ng-15.1.0-he9431aa_2.conda
  sha256: fe22ddd0f7922edb0b515959ff1180d1143060fc5bfc3739ff4c6a94762c50c6
  md5: d12a4b26073751bbc3db18de83ccba5f
  depends:
  - libgcc 15.1.0 he277a41_2
  license: GPL-3.0-only WITH GCC-exception-3.1
  license_family: GPL
  size: 34773
  timestamp: 1746656732548
- conda: https://conda.anaconda.org/conda-forge/linux-64/libgomp-15.1.0-h767d61c_2.conda
  sha256: 05fff3dc7e80579bc28de13b511baec281c4343d703c406aefd54389959154fb
  md5: fbe7d535ff9d3a168c148e07358cd5b1
  depends:
  - __glibc >=2.17,<3.0.a0
  license: GPL-3.0-only WITH GCC-exception-3.1
  license_family: GPL
  size: 452635
  timestamp: 1746642113092
- conda: https://conda.anaconda.org/conda-forge/linux-aarch64/libgomp-15.1.0-he277a41_2.conda
  sha256: 6362d457591144a4e50247ff60cb2655eb2cf4a7a99dde9e4d7c2d22af20a038
  md5: a28544b28961994eab37e1132a7dadcf
  license: GPL-3.0-only WITH GCC-exception-3.1
  license_family: GPL
  size: 456053
  timestamp: 1746656635944
- conda: https://conda.anaconda.org/conda-forge/linux-64/libstdcxx-15.1.0-h8f9b012_2.conda
  sha256: 6ae3d153e78f6069d503d9309f2cac6de5b93d067fc6433160a4c05226a5dad4
  md5: 1cb1c67961f6dd257eae9e9691b341aa
  depends:
  - __glibc >=2.17,<3.0.a0
  - libgcc 15.1.0 h767d61c_2
  license: GPL-3.0-only WITH GCC-exception-3.1
  license_family: GPL
  size: 3902355
  timestamp: 1746642227493
- conda: https://conda.anaconda.org/conda-forge/linux-aarch64/libstdcxx-15.1.0-h3f4de04_2.conda
  sha256: 15c57c226ecc981714f96d07232c67c27703e42bbe2460dbf9b6122720d0704a
  md5: 6247ea6d1ecac20a9e98674342984726
  depends:
  - libgcc 15.1.0 he277a41_2
  license: GPL-3.0-only WITH GCC-exception-3.1
  license_family: GPL
  size: 3838578
  timestamp: 1746656751553
- conda: https://conda.anaconda.org/conda-forge/linux-64/libstdcxx-ng-15.1.0-h4852527_2.conda
  sha256: 11bea86e11de7d6bce87589197a383344df3fa0a3552dab7e931785ff1159a5b
  md5: 9d2072af184b5caa29492bf2344597bb
  depends:
  - libstdcxx 15.1.0 h8f9b012_2
  license: GPL-3.0-only WITH GCC-exception-3.1
  license_family: GPL
  size: 34647
  timestamp: 1746642266826
- conda: https://conda.anaconda.org/conda-forge/linux-aarch64/libstdcxx-ng-15.1.0-hf1166c9_2.conda
  sha256: f9fa45e88d296ca0a740579c7d74f50aaa3a24bef8cfe7dd359e89cdbd6fe1ea
  md5: 18e532d1a39ae9f78cc8988a034f1cae
  depends:
  - libstdcxx 15.1.0 h3f4de04_2
  license: GPL-3.0-only WITH GCC-exception-3.1
  license_family: GPL
  size: 34860
  timestamp: 1746656784407
- conda: https://conda.anaconda.org/conda-forge/linux-64/libuv-1.51.0-hb9d3cd8_0.conda
  sha256: 770ca175d64323976c9fe4303042126b2b01c1bd54c8c96cafeaba81bdb481b8
  md5: 1349c022c92c5efd3fd705a79a5804d8
  depends:
  - __glibc >=2.17,<3.0.a0
  - libgcc >=13
  license: MIT
  license_family: MIT
  size: 890145
  timestamp: 1748304699136
- conda: https://conda.anaconda.org/conda-forge/linux-aarch64/libuv-1.51.0-h86ecc28_0.conda
  sha256: 2b3811ac29005edb63b85e4eb24d13e04b93e3c9b33dcb11b11a11681af0665d
  md5: bd76e353d6a09ae834fc9056343f2f73
  depends:
  - libgcc >=13
  license: MIT
  license_family: MIT
  size: 645133
  timestamp: 1748304599853
- conda: https://conda.anaconda.org/conda-forge/osx-arm64/libuv-1.51.0-h5505292_0.conda
  sha256: 41c1230a3f4e0d265e5053c671f112a16be4405b9047d3da5581e03e9d53de65
  md5: 230a885fe67a3e945a4586b944b6020a
  depends:
  - __osx >=11.0
  license: MIT
  license_family: MIT
  size: 420654
  timestamp: 1748304893204
- conda: https://conda.anaconda.org/conda-forge/linux-64/libzlib-1.3.1-hb9d3cd8_2.conda
  sha256: d4bfe88d7cb447768e31650f06257995601f89076080e76df55e3112d4e47dc4
  md5: edb0dca6bc32e4f4789199455a1dbeb8
  depends:
  - __glibc >=2.17,<3.0.a0
  - libgcc >=13
  constrains:
  - zlib 1.3.1 *_2
  license: Zlib
  license_family: Other
  size: 60963
  timestamp: 1727963148474
- conda: https://conda.anaconda.org/conda-forge/linux-aarch64/libzlib-1.3.1-h86ecc28_2.conda
  sha256: 5a2c1eeef69342e88a98d1d95bff1603727ab1ff4ee0e421522acd8813439b84
  md5: 08aad7cbe9f5a6b460d0976076b6ae64
  depends:
  - libgcc >=13
  constrains:
  - zlib 1.3.1 *_2
  license: Zlib
  license_family: Other
  size: 66657
  timestamp: 1727963199518
- conda: https://conda.anaconda.org/conda-forge/osx-arm64/libzlib-1.3.1-h8359307_2.conda
  sha256: ce34669eadaba351cd54910743e6a2261b67009624dbc7daeeafdef93616711b
  md5: 369964e85dc26bfe78f41399b366c435
  depends:
  - __osx >=11.0
  constrains:
  - zlib 1.3.1 *_2
  license: Zlib
  license_family: Other
  size: 46438
  timestamp: 1727963202283
- conda: https://conda.anaconda.org/conda-forge/linux-64/nodejs-22.13.0-hf235a45_0.conda
  sha256: 925ea8839d6f26d0eb4204675b98a862803a9a9657fd36a4a22c4c29a479a911
  md5: 1f9efd96347aa008bd2c735d7d88fc75
  depends:
  - __glibc >=2.28,<3.0.a0
  - icu >=75.1,<76.0a0
  - libgcc >=13
  - libstdcxx >=13
  - libuv >=1.50.0,<2.0a0
  - libzlib >=1.3.1,<2.0a0
  - openssl >=3.4.1,<4.0a0
  - zlib
  license: MIT
  license_family: MIT
  size: 21691794
  timestamp: 1741809786920
- conda: https://conda.anaconda.org/conda-forge/linux-aarch64/nodejs-22.13.0-h8374285_0.conda
  sha256: 7878e84a0162041c7c45814832f1635ea0b4454481af619a20a3be291744c032
  md5: 3a81ef0e4e847685774c35bbf42598e2
  depends:
  - __glibc >=2.28,<3.0.a0
  - icu >=75.1,<76.0a0
  - libgcc >=13
  - libstdcxx >=13
  - libuv >=1.50.0,<2.0a0
  - libzlib >=1.3.1,<2.0a0
  - openssl >=3.4.0,<4.0a0
  - zlib
  license: MIT
  license_family: MIT
  size: 22156450
  timestamp: 1737394666729
- conda: https://conda.anaconda.org/conda-forge/osx-arm64/nodejs-22.13.0-h02a13b7_0.conda
  sha256: d390651526630468e385a74474bb3f17849861182257c161bbca8fca7734d578
  md5: 93cd91b998422ebf2dace6c13c1842ce
  depends:
  - __osx >=11.0
  - icu >=75.1,<76.0a0
  - libcxx >=18
  - libuv >=1.50.0,<2.0a0
  - libzlib >=1.3.1,<2.0a0
  - openssl >=3.4.0,<4.0a0
  - zlib
  license: MIT
  license_family: MIT
  size: 15490642
  timestamp: 1737401388520
- conda: https://conda.anaconda.org/conda-forge/linux-64/openssl-3.5.0-h7b32b05_1.conda
  sha256: b4491077c494dbf0b5eaa6d87738c22f2154e9277e5293175ec187634bd808a0
  md5: de356753cfdbffcde5bb1e86e3aa6cd0
  depends:
  - __glibc >=2.17,<3.0.a0
  - ca-certificates
  - libgcc >=13
  license: Apache-2.0
  license_family: Apache
  size: 3117410
  timestamp: 1746223723843
- conda: https://conda.anaconda.org/conda-forge/linux-aarch64/openssl-3.5.0-hd08dc88_1.conda
  sha256: 58120daf06a52ba203f94eccb43900213a9f2b3cc310bbaa868505ccd7afbdaa
  md5: ee68fdc3a8723e9c58bdd2f10544658f
  depends:
  - ca-certificates
  - libgcc >=13
  license: Apache-2.0
  license_family: Apache
  size: 3642633
  timestamp: 1746225726804
- conda: https://conda.anaconda.org/conda-forge/osx-arm64/openssl-3.5.0-h81ee809_1.conda
  sha256: 73d366c1597a10bcd5f3604b5f0734b31c23225536e03782c6a13f9be9d01bff
  md5: 5c7aef00ef60738a14e0e612cfc5bcde
  depends:
  - __osx >=11.0
  - ca-certificates
  license: Apache-2.0
  license_family: Apache
  size: 3064197
  timestamp: 1746223530698
- conda: https://conda.anaconda.org/conda-forge/linux-64/pnpm-10.11.0-h6417eb3_0.conda
  sha256: 285799dbe37bf87de0934585c880a1e901b5789707d4661b9880c41b4abdef58
  md5: bbc4937a0af7dc5df558fa4c8999b743
  depends:
  - __glibc >=2.17,<3.0.a0
  - libgcc >=13
  - libstdcxx >=13
  - nodejs >=22.13.0,<23.0a0
  license: MIT
  license_family: MIT
  size: 3438613
  timestamp: 1747160367772
- conda: https://conda.anaconda.org/conda-forge/linux-aarch64/pnpm-10.11.0-hbf5023e_0.conda
  sha256: 727ee4f2b91991fa976e9ec092a9140284413bd47a933eab965fd9ef644f9f91
  md5: d325ee9327b27014f6d203419e644d6f
  depends:
  - libgcc >=13
  - libstdcxx >=13
  - nodejs >=22.13.0,<23.0a0
  license: MIT
  license_family: MIT
  size: 3554709
  timestamp: 1747160490330
- conda: https://conda.anaconda.org/conda-forge/osx-arm64/pnpm-10.11.0-h7c8fa8f_0.conda
  sha256: 536e85b5ebb8380fd3237154002e7bb590322561f516a1d0f19f8ab24a26b758
  md5: 4ca964c9fbd8d80d8ba1969c3ceb402c
  depends:
  - __osx >=11.0
  - libcxx >=18
  - nodejs >=22.13.0,<23.0a0
  license: MIT
  license_family: MIT
  size: 3512932
  timestamp: 1747160676883
- conda: https://conda.anaconda.org/conda-forge/linux-64/zlib-1.3.1-hb9d3cd8_2.conda
  sha256: 5d7c0e5f0005f74112a34a7425179f4eb6e73c92f5d109e6af4ddeca407c92ab
  md5: c9f075ab2f33b3bbee9e62d4ad0a6cd8
  depends:
  - __glibc >=2.17,<3.0.a0
  - libgcc >=13
  - libzlib 1.3.1 hb9d3cd8_2
  license: Zlib
  license_family: Other
  size: 92286
  timestamp: 1727963153079
- conda: https://conda.anaconda.org/conda-forge/linux-aarch64/zlib-1.3.1-h86ecc28_2.conda
  sha256: b4f649aa3ecdae384d5dad7074e198bff120edd3dfb816588e31738fc6d627b1
  md5: bc230abb5d21b63ff4799b0e75204783
  depends:
  - libgcc >=13
  - libzlib 1.3.1 h86ecc28_2
  license: Zlib
  license_family: Other
  size: 95582
  timestamp: 1727963203597
- conda: https://conda.anaconda.org/conda-forge/osx-arm64/zlib-1.3.1-h8359307_2.conda
  sha256: 58f8860756680a4831c1bf4f294e2354d187f2e999791d53b1941834c4b37430
  md5: e3170d898ca6cb48f1bb567afb92f775
  depends:
  - __osx >=11.0
  - libzlib 1.3.1 h8359307_2
  license: Zlib
  license_family: Other
  size: 77606
  timestamp: 1727963209370
